
Microsoft Visual Studio Solution File, Format Version 12.00
# Visual Studio Version 17
VisualStudioVersion = 17.3.32825.248
MinimumVisualStudioVersion = 10.0.40219.1
Project("{9A19103F-16F7-4668-BE54-9A1E7A4F7556}") = "BulkyBookWeb", "BulkyBookWeb\BulkyBookWeb.csproj", "{7BF2CFEE-3C9B-4ED2-8196-7F5C59211100}"
EndProject
Project("{FAE04EC0-301F-11D3-BF4B-00C04F79EFBC}") = "BulkyBook.DataAccess", "BulkyBook.DataAccess\BulkyBook.DataAccess.csproj", "{D6E2D965-EA6F-4E71-A116-528C460830BB}"
EndProject
Project("{FAE04EC0-301F-11D3-BF4B-00C04F79EFBC}") = "BulkyBook.Models", "BulkyBook.Models\BulkyBook.Models.csproj", "{7749E39C-FB26-411D-8DDC-0DDBD789D258}"
EndProject
Project("{FAE04EC0-301F-11D3-BF4B-00C04F79EFBC}") = "BulkyBook.Utility", "BulkyBook.Utility\BulkyBook.Utility.csproj", "{B21409F0-12EE-4E21-A99B-7BEBEA7ADA7C}"
EndProject
Global
	GlobalSection(SolutionConfigurationPlatforms) = preSolution
		Debug|Any CPU = Debug|Any CPU
		Release|Any CPU = Release|Any CPU
	EndGlobalSection
	GlobalSection(ProjectConfigurationPlatforms) = postSolution
		{7BF2CFEE-3C9B-4ED2-8196-7F5C59211100}.Debug|Any CPU.ActiveCfg = Debug|Any CPU
		{7BF2CFEE-3C9B-4ED2-8196-7F5C59211100}.Debug|Any CPU.Build.0 = Debug|Any CPU
		{7BF2CFEE-3C9B-4ED2-8196-7F5C59211100}.Release|Any CPU.ActiveCfg = Release|Any CPU
		{7BF2CFEE-3C9B-4ED2-8196-7F5C59211100}.Release|Any CPU.Build.0 = Release|Any CPU
		{D6E2D965-EA6F-4E71-A116-528C460830BB}.Debug|Any CPU.ActiveCfg = Debug|Any CPU
		{D6E2D965-EA6F-4E71-A116-528C460830BB}.Debug|Any CPU.Build.0 = Debug|Any CPU
		{D6E2D965-EA6F-4E71-A116-528C460830BB}.Release|Any CPU.ActiveCfg = Release|Any CPU
		{D6E2D965-EA6F-4E71-A116-528C460830BB}.Release|Any CPU.Build.0 = Release|Any CPU
		{7749E39C-FB26-411D-8DDC-0DDBD789D258}.Debug|Any CPU.ActiveCfg = Debug|Any CPU
		{7749E39C-FB26-411D-8DDC-0DDBD789D258}.Debug|Any CPU.Build.0 = Debug|Any CPU
		{7749E39C-FB26-411D-8DDC-0DDBD789D258}.Release|Any CPU.ActiveCfg = Release|Any CPU
		{7749E39C-FB26-411D-8DDC-0DDBD789D258}.Release|Any CPU.Build.0 = Release|Any CPU
		{B21409F0-12EE-4E21-A99B-7BEBEA7ADA7C}.Debug|Any CPU.ActiveCfg = Debug|Any CPU
		{B21409F0-12EE-4E21-A99B-7BEBEA7ADA7C}.Debug|Any CPU.Build.0 = Debug|Any CPU
		{B21409F0-12EE-4E21-A99B-7BEBEA7ADA7C}.Release|Any CPU.ActiveCfg = Release|Any CPU
		{B21409F0-12EE-4E21-A99B-7BEBEA7ADA7C}.Release|Any CPU.Build.0 = Release|Any CPU
	EndGlobalSection
	GlobalSection(SolutionProperties) = preSolution
		HideSolutionNode = FALSE
	EndGlobalSection
	GlobalSection(ExtensibilityGlobals) = postSolution
		SolutionGuid = {60DB31BF-6C4D-4D9F-A38D-F9F8F2354B11}
	EndGlobalSection
EndGlobal
